
Microsoft Visual Studio Solution File, Format Version 12.00
# Visual Studio Version 17
VisualStudioVersion = 17.9.34902.65
MinimumVisualStudioVersion = 10.0.40219.1
Project("{FAE04EC0-301F-11D3-BF4B-00C04F79EFBC}") = "workshop.training", "workshop.training.csproj", "{B971D6F1-8EAB-4DDD-8340-539DE61F9FCE}"
EndProject
Global
	GlobalSection(SolutionConfigurationPlatforms) = preSolution
		Debug|Any CPU = Debug|Any CPU
		Release|Any CPU = Release|Any CPU
	EndGlobalSection
	GlobalSection(ProjectConfigurationPlatforms) = postSolution
		{B971D6F1-8EAB-4DDD-8340-539DE61F9FCE}.Debug|Any CPU.ActiveCfg = Debug|Any CPU
		{B971D6F1-8EAB-4DDD-8340-539DE61F9FCE}.Debug|Any CPU.Build.0 = Debug|Any CPU
		{B971D6F1-8EAB-4DDD-8340-539DE61F9FCE}.Release|Any CPU.ActiveCfg = Release|Any CPU
		{B971D6F1-8EAB-4DDD-8340-539DE61F9FCE}.Release|Any CPU.Build.0 = Release|Any CPU
	EndGlobalSection
	GlobalSection(SolutionProperties) = preSolution
		HideSolutionNode = FALSE
	EndGlobalSection
	GlobalSection(ExtensibilityGlobals) = postSolution
		SolutionGuid = {D6D672A0-BAF3-48AE-8176-32F1F066F514}
	EndGlobalSection
EndGlobal
